# Generated by buf. DO NOT EDIT.
version: v2
deps:
  - name: buf.build/googleapis/googleapis
    commit: c17df5b2beca46928cc87d5656bd5343
    digest: b5:648a01e0170d4512dea7d564016165decd1ed6e34bef79fe54753e51ad7e27545709ad9157d7551270147d551155c595a2fb0bf5bb33b1c83040ddbce915c604
  - name: buf.build/servora/servora
    commit: 77eea2c564124589b86a651b4bf0d268
    digest: b5:0e8e249d63e23958abc9c0770b4a361eecd58a41eb85f1c8a645a3f8c3c302df42ac85fda694a7f8d3436e0a067a48de20a4431a0118fc4e87a35be8bf722292
