# Generated by buf. DO NOT EDIT.
version: v2
deps:
  - name: buf.build/googleapis/googleapis
    commit: c17df5b2beca46928cc87d5656bd5343
    digest: b5:648a01e0170d4512dea7d564016165decd1ed6e34bef79fe54753e51ad7e27545709ad9157d7551270147d551155c595a2fb0bf5bb33b1c83040ddbce915c604
  - name: buf.build/servora/servora
    commit: 0fd9eebc13f642ddb48fd2c27af9c169
    digest: b5:371a3bff400faeda65f054a17b459ceb5e5f4230c5bd8828d5f4073062f79203b361a46da048999f3471d27707330d5d1cf72ddb4cbeeb3770fa22078a26e0e7
